<Solution>
  <Folder Name="/Solution Items/" />
  <Project Path="MVVMLibrary/MVVMLibrary.csproj" Id="4f7e0eb9-b78c-40b1-94d0-629718528991" />
  <Project Path="OSImageDeploy/OSImageDeploy.csproj" />
	<Project Path="OSImageDeploy.Client/OSImageDeploy.Client.csproj" />
  <Project Path="OSImageDeploy.Contracts/OSImageDeploy.Contracts.csproj" />
  <Project Path="OSImageDeploy.Engine/OSImageDeploy.Engine.csproj" />
  <Project Path="OSImageDeploy.Engine.Tests/OSImageDeploy.Engine.Tests.csproj" />
  <Project Path="OSImageDeploy.Platform.Windows/OSImageDeploy.Platform.Windows.csproj" />
  <Project Path="OSImageDeploy.Service/OSImageDeploy.Service.csproj" />
  <Project Path="OSImageDeploy.Service.Tests/OSImageDeploy.Service.Tests.csproj" />
  <Project Path="OSImageDeploy.Transport.Grpc/OSImageDeploy.Transport.Grpc.csproj" />
  <Project Path="OSImageDeployClient/OSImageDeployClient.csproj" Id="0687d123-8ba2-42b2-9d29-7f00a7070eaa" />
  <Project Path="OSImageDeploy.Installer/OSImageDeploy.Installer.wixproj">
    <Platform Project="x64" />
    <Build />
  </Project>
  <Project Path="Utilities/Utilities.csproj" Id="aff07a84-32f7-410b-b14f-ca310246c2eb" />
</Solution>
